// !$*UTF8*$!
{
	archiveVersion = 1;
	classes = {
	};
	objectVersion = 50;
	objects = {

/* Begin PBXBuildFile section */
		B2874F512564A3B300512DBA /* AppDelegate.swift in Sources */ = {isa = PBXBuildFile; fileRef = B2874F502564A3B300512DBA /* AppDelegate.swift */; };
		B2874F532564A3B300512DBA /* SceneDelegate.swift in Sources */ = {isa = PBXBuildFile; fileRef = B2874F522564A3B300512DBA /* SceneDelegate.swift */; };
		B2874F552564A3B300512DBA /* ViewController.swift in Sources */ = {isa = PBXBuildFile; fileRef = B2874F542564A3B300512DBA /* ViewController.swift */; };
		B2874F582564A3B300512DBA /* Main.storyboard in Resources */ = {isa = PBXBuildFile; fileRef = B2874F562564A3B300512DBA /* Main.storyboard */; };
		B2874F5A2564A3B400512DBA /* Assets.xcassets in Resources */ = {isa = PBXBuildFile; fileRef = B2874F592564A3B400512DBA /* Assets.xcassets */; };
		B2874F5D2564A3B400512DBA /* LaunchScreen.storyboard in Resources */ = {isa = PBXBuildFile; fileRef = B2874F5B2564A3B400512DBA /* LaunchScreen.storyboard */; };
		B2874F682564A3B400512DBA /* BuggyTests.swift in Sources */ = {isa = PBXBuildFile; fileRef = B2874F672564A3B400512DBA /* BuggyTests.swift */; };
		B2874F732564A3B400512DBA /* BuggyUITests.swift in Sources */ = {isa = PBXBuildFile; fileRef = B2874F722564A3B400512DBA /* BuggyUITests.swift */; };
/* End PBXBuildFile section */

/* Begin PBXContainerItemProxy section */
		B2874F642564A3B400512DBA /* PBXContainerItemProxy */ = {
			isa = PBXContainerItemProxy;
			containerPortal = B2874F452564A3B300512DBA /* Project object */;
			proxyType = 1;
			remoteGlobalIDString = B2874F4C2564A3B300512DBA;
			remoteInfo = Buggy;
		};
		B2874F6F2564A3B400512DBA /* PBXContainerItemProxy */ = {
			isa = PBXContainerItemProxy;
			containerPortal = B2874F452564A3B300512DBA /* Project object */;
			proxyType = 1;
			remoteGlobalIDString = B2874F4C2564A3B300512DBA;
			remoteInfo = Buggy;
		};
/* End PBXContainerItemProxy section */

/* Begin PBXFileReference section */
		B2874F4D2564A3B300512DBA /* Buggy.app */ = {isa = PBXFileReference; explicitFileType = wrapper.application; includeInIndex = 0; path = Buggy.app; sourceTree = BUILT_PRODUCTS_DIR; };
		B2874F502564A3B300512DBA /* AppDelegate.swift */ = {isa = PBXFileReference; lastKnownFileType = sourcecode.swift; path = AppDelegate.swift; sourceTree = "<group>"; };
		B2874F522564A3B300512DBA /* SceneDelegate.swift */ = {isa = PBXFileReference; lastKnownFileType = sourcecode.swift; path = SceneDelegate.swift; sourceTree = "<group>"; };
		B2874F542564A3B300512DBA /* ViewController.swift */ = {isa = PBXFileReference; lastKnownFileType = sourcecode.swift; path = ViewController.swift; sourceTree = "<group>"; };
		B2874F572564A3B300512DBA /* Base */ = {isa = PBXFileReference; lastKnownFileType = file.storyboard; name = Base; path = Base.lproj/Main.storyboard; sourceTree = "<group>"; };
		B2874F592564A3B400512DBA /* Assets.xcassets */ = {isa = PBXFileReference; lastKnownFileType = folder.assetcatalog; path = Assets.xcassets; sourceTree = "<group>"; };
		B2874F5C2564A3B400512DBA /* Base */ = {isa = PBXFileReference; lastKnownFileType = file.storyboard; name = Base; path = Base.lproj/LaunchScreen.storyboard; sourceTree = "<group>"; };
		B2874F5E2564A3B400512DBA /* Info.plist */ = {isa = PBXFileReference; lastKnownFileType = text.plist.xml; path = Info.plist; sourceTree = "<group>"; };
		B2874F632564A3B400512DBA /* BuggyTests.xctest */ = {isa = PBXFileReference; explicitFileType = wrapper.cfbundle; includeInIndex = 0; path = BuggyTests.xctest; sourceTree = BUILT_PRODUCTS_DIR; };
		B2874F672564A3B400512DBA /* BuggyTests.swift */ = {isa = PBXFileReference; lastKnownFileType = sourcecode.swift; path = BuggyTests.swift; sourceTree = "<group>"; };
		B2874F692564A3B400512DBA /* Info.plist */ = {isa = PBXFileReference; lastKnownFileType = text.plist.xml; path = Info.plist; sourceTree = "<group>"; };
		B2874F6E2564A3B400512DBA /* BuggyUITests.xctest */ = {isa = PBXFileReference; explicitFileType = wrapper.cfbundle; includeInIndex = 0; path = BuggyUITests.xctest; sourceTree = BUILT_PRODUCTS_DIR; };
		B2874F722564A3B400512DBA /* BuggyUITests.swift */ = {isa = PBXFileReference; lastKnownFileType = sourcecode.swift; path = BuggyUITests.swift; sourceTree = "<group>"; };
		B2874F742564A3B400512DBA /* Info.plist */ = {isa = PBXFileReference; lastKnownFileType = text.plist.xml; path = Info.plist; sourceTree = "<group>"; };
/* End PBXFileReference section */

/* Begin PBXFrameworksBuildPhase section */
		B2874F4A2564A3B300512DBA /* Frameworks */ = {
			isa = PBXFrameworksBuildPhase;
			buildActionMask = 2147483647;
			files = (
			);
			runOnlyForDeploymentPostprocessing = 0;
		};
		B2874F602564A3B400512DBA /* Frameworks */ = {
			isa = PBXFrameworksBuildPhase;
			buildActionMask = 2147483647;
			files = (
			);
			runOnlyForDeploymentPostprocessing = 0;
		};
		B2874F6B2564A3B400512DBA /* Frameworks */ = {
			isa = PBXFrameworksBuildPhase;
			buildActionMask = 2147483647;
			files = (
			);
			runOnlyForDeploymentPostprocessing = 0;
		};
/* End PBXFrameworksBuildPhase section */

/* Begin PBXGroup section */
		B2874F442564A3B300512DBA = {
			isa = PBXGroup;
			children = (
				B2874F4F2564A3B300512DBA /* Buggy */,
				B2874F662564A3B400512DBA /* BuggyTests */,
				B2874F712564A3B400512DBA /* BuggyUITests */,
				B2874F4E2564A3B300512DBA /* Products */,
			);
			sourceTree = "<group>";
		};
		B2874F4E2564A3B300512DBA /* Products */ = {
			isa = PBXGroup;
			children = (
				B2874F4D2564A3B300512DBA /* Buggy.app */,
				B2874F632564A3B400512DBA /* BuggyTests.xctest */,
				B2874F6E2564A3B400512DBA /* BuggyUITests.xctest */,
			);
			name = Products;
			sourceTree = "<group>";
		};
		B2874F4F2564A3B300512DBA /* Buggy */ = {
			isa = PBXGroup;
			children = (
				B2874F502564A3B300512DBA /* AppDelegate.swift */,
				B2874F522564A3B300512DBA /* SceneDelegate.swift */,
				B2874F542564A3B300512DBA /* ViewController.swift */,
				B2874F562564A3B300512DBA /* Main.storyboard */,
				B2874F592564A3B400512DBA /* Assets.xcassets */,
				B2874F5B2564A3B400512DBA /* LaunchScreen.storyboard */,
				B2874F5E2564A3B400512DBA /* Info.plist */,
			);
			path = Buggy;
			sourceTree = "<group>";
		};
		B2874F662564A3B400512DBA /* BuggyTests */ = {
			isa = PBXGroup;
			children = (
				B2874F672564A3B400512DBA /* BuggyTests.swift */,
				B2874F692564A3B400512DBA /* Info.plist */,
			);
			path = BuggyTests;
			sourceTree = "<group>";
		};
		B2874F712564A3B400512DBA /* BuggyUITests */ = {
			isa = PBXGroup;
			children = (
				B2874F722564A3B400512DBA /* BuggyUITests.swift */,
				B2874F742564A3B400512DBA /* Info.plist */,
			);
			path = BuggyUITests;
			sourceTree = "<group>";
		};
/* End PBXGroup section */

/* Begin PBXNativeTarget section */
		B2874F4C2564A3B300512DBA /* Buggy */ = {
			isa = PBXNativeTarget;
			buildConfigurationList = B2874F772564A3B400512DBA /* Build configuration list for PBXNativeTarget "Buggy" */;
			buildPhases = (
				B2874F492564A3B300512DBA /* Sources */,
				B2874F4A2564A3B300512DBA /* Frameworks */,
				B2874F4B2564A3B300512DBA /* Resources */,
			);
			buildRules = (
			);
			dependencies = (
			);
			name = Buggy;
			productName = Buggy;
			productReference = B2874F4D2564A3B300512DBA /* Buggy.app */;
			productType = "com.apple.product-type.application";
		};
		B2874F622564A3B400512DBA /* BuggyTests */ = {
			isa = PBXNativeTarget;
			buildConfigurationList = B2874F7A2564A3B400512DBA /* Build configuration list for PBXNativeTarget "BuggyTests" */;
			buildPhases = (
				B2874F5F2564A3B400512DBA /* Sources */,
				B2874F602564A3B400512DBA /* Frameworks */,
				B2874F612564A3B400512DBA /* Resources */,
			);
			buildRules = (
			);
			dependencies = (
				B2874F652564A3B400512DBA /* PBXTargetDependency */,
			);
			name = BuggyTests;
			productName = BuggyTests;
			productReference = B2874F632564A3B400512DBA /* BuggyTests.xctest */;
			productType = "com.apple.product-type.bundle.unit-test";
		};
		B2874F6D2564A3B400512DBA /* BuggyUITests */ = {
			isa = PBXNativeTarget;
			buildConfigurationList = B2874F7D2564A3B400512DBA /* Build configuration list for PBXNativeTarget "BuggyUITests" */;
			buildPhases = (
				B2874F6A2564A3B400512DBA /* Sources */,
				B2874F6B2564A3B400512DBA /* Frameworks */,
				B2874F6C2564A3B400512DBA /* Resources */,
			);
			buildRules = (
			);
			dependencies = (
				B2874F702564A3B400512DBA /* PBXTargetDependency */,
			);
			name = BuggyUITests;
			productName = BuggyUITests;
			productReference = B2874F6E2564A3B400512DBA /* BuggyUITests.xctest */;
			productType = "com.apple.product-type.bundle.ui-testing";
		};
/* End PBXNativeTarget section */

/* Begin PBXProject section */
		B2874F452564A3B300512DBA /* Project object */ = {
			isa = PBXProject;
			attributes = {
				LastSwiftUpdateCheck = 1160;
				LastUpgradeCheck = 1160;
				ORGANIZATIONNAME = "Sravya Kaki";
				TargetAttributes = {
					B2874F4C2564A3B300512DBA = {
						CreatedOnToolsVersion = 11.6;
					};
					B2874F622564A3B400512DBA = {
						CreatedOnToolsVersion = 11.6;
						TestTargetID = B2874F4C2564A3B300512DBA;
					};
					B2874F6D2564A3B400512DBA = {
						CreatedOnToolsVersion = 11.6;
						TestTargetID = B2874F4C2564A3B300512DBA;
					};
				};
			};
			buildConfigurationList = B2874F482564A3B300512DBA /* Build configuration list for PBXProject "Buggy" */;
			compatibilityVersion = "Xcode 9.3";
			developmentRegion = en;
			hasScannedForEncodings = 0;
			knownRegions = (
				en,
				Base,
			);
			mainGroup = B2874F442564A3B300512DBA;
			productRefGroup = B2874F4E2564A3B300512DBA /* Products */;
			projectDirPath = "";
			projectRoot = "";
			targets = (
				B2874F4C2564A3B300512DBA /* Buggy */,
				B2874F622564A3B400512DBA /* BuggyTests */,
				B2874F6D2564A3B400512DBA /* BuggyUITests */,
			);
		};
/* End PBXProject section */

/* Begin PBXResourcesBuildPhase section */
		B2874F4B2564A3B300512DBA /* Resources */ = {
			isa = PBXResourcesBuildPhase;
			buildActionMask = 2147483647;
			files = (
				B2874F5D2564A3B400512DBA /* LaunchScreen.storyboard in Resources */,
				B2874F5A2564A3B400512DBA /* Assets.xcassets in Resources */,
				B2874F582564A3B300512DBA /* Main.storyboard in Resources */,
			);
			runOnlyForDeploymentPostprocessing = 0;
		};
		B2874F612564A3B400512DBA /* Resources */ = {
			isa = PBXResourcesBuildPhase;
			buildActionMask = 2147483647;
			files = (
			);
			runOnlyForDeploymentPostprocessing = 0;
		};
		B2874F6C2564A3B400512DBA /* Resources */ = {
			isa = PBXResourcesBuildPhase;
			buildActionMask = 2147483647;
			files = (
			);
			runOnlyForDeploymentPostprocessing = 0;
		};
/* End PBXResourcesBuildPhase section */

/* Begin PBXSourcesBuildPhase section */
		B2874F492564A3B300512DBA /* Sources */ = {
			isa = PBXSourcesBuildPhase;
			buildActionMask = 2147483647;
			files = (
				B2874F552564A3B300512DBA /* ViewController.swift in Sources */,
				B2874F512564A3B300512DBA /* AppDelegate.swift in Sources */,
				B2874F532564A3B300512DBA /* SceneDelegate.swift in Sources */,
			);
			runOnlyForDeploymentPostprocessing = 0;
		};
		B2874F5F2564A3B400512DBA /* Sources */ = {
			isa = PBXSourcesBuildPhase;
			buildActionMask = 2147483647;
			files = (
				B2874F682564A3B400512DBA /* BuggyTests.swift in Sources */,
			);
			runOnlyForDeploymentPostprocessing = 0;
		};
		B2874F6A2564A3B400512DBA /* Sources */ = {
			isa = PBXSourcesBuildPhase;
			buildActionMask = 2147483647;
			files = (
				B2874F732564A3B400512DBA /* BuggyUITests.swift in Sources */,
			);
			runOnlyForDeploymentPostprocessing = 0;
		};
/* End PBXSourcesBuildPhase section */

/* Begin PBXTargetDependency section */
		B2874F652564A3B400512DBA /* PBXTargetDependency */ = {
			isa = PBXTargetDependency;
			target = B2874F4C2564A3B300512DBA /* Buggy */;
			targetProxy = B2874F642564A3B400512DBA /* PBXContainerItemProxy */;
		};
		B2874F702564A3B400512DBA /* PBXTargetDependency */ = {
			isa = PBXTargetDependency;
			target = B2874F4C2564A3B300512DBA /* Buggy */;
			targetProxy = B2874F6F2564A3B400512DBA /* PBXContainerItemProxy */;
		};
/* End PBXTargetDependency section */

/* Begin PBXVariantGroup section */
		B2874F562564A3B300512DBA /* Main.storyboard */ = {
			isa = PBXVariantGroup;
			children = (
				B2874F572564A3B300512DBA /* Base */,
			);
			name = Main.storyboard;
			sourceTree = "<group>";
		};
		B2874F5B2564A3B400512DBA /* LaunchScreen.storyboard */ = {
			isa = PBXVariantGroup;
			children = (
				B2874F5C2564A3B400512DBA /* Base */,
			);
			name = LaunchScreen.storyboard;
			sourceTree = "<group>";
		};
/* End PBXVariantGroup section */

/* Begin XCBuildConfiguration section */
		B2874F752564A3B400512DBA /* Debug */ = {
			isa = XCBuildConfiguration;
			buildSettings = {
				ALWAYS_SEARCH_USER_PATHS = NO;
				CLANG_ANALYZER_NONNULL = YES;
				CLANG_ANALYZER_NUMBER_OBJECT_CONVERSION = YES_AGGRESSIVE;
				CLANG_CXX_LANGUAGE_STANDARD = "gnu++14";
				CLANG_CXX_LIBRARY = "libc++";
				CLANG_ENABLE_MODULES = YES;
				CLANG_ENABLE_OBJC_ARC = YES;
				CLANG_ENABLE_OBJC_WEAK = YES;
				CLANG_WARN_BLOCK_CAPTURE_AUTORELEASING = YES;
				CLANG_WARN_BOOL_CONVERSION = YES;
				CLANG_WARN_COMMA = YES;
				CLANG_WARN_CONSTANT_CONVERSION = YES;
				CLANG_WARN_DEPRECATED_OBJC_IMPLEMENTATIONS = YES;
				CLANG_WARN_DIRECT_OBJC_ISA_USAGE = YES_ERROR;
				CLANG_WARN_DOCUMENTATION_COMMENTS = YES;
				CLANG_WARN_EMPTY_BODY = YES;
				CLANG_WARN_ENUM_CONVERSION = YES;
				CLANG_WARN_INFINITE_RECURSION = YES;
				CLANG_WARN_INT_CONVERSION = YES;
				CLANG_WARN_NON_LITERAL_NULL_CONVERSION = YES;
				CLANG_WARN_OBJC_IMPLICIT_RETAIN_SELF = YES;
				CLANG_WARN_OBJC_LITERAL_CONVERSION = YES;
				CLANG_WARN_OBJC_ROOT_CLASS = YES_ERROR;
				CLANG_WARN_RANGE_LOOP_ANALYSIS = YES;
				CLANG_WARN_STRICT_PROTOTYPES = YES;
				CLANG_WARN_SUSPICIOUS_MOVE = YES;
				CLANG_WARN_UNGUARDED_AVAILABILITY = YES_AGGRESSIVE;
				CLANG_WARN_UNREACHABLE_CODE = YES;
				CLANG_WARN__DUPLICATE_METHOD_MATCH = YES;
				COPY_PHASE_STRIP = NO;
				DEBUG_INFORMATION_FORMAT = dwarf;
				ENABLE_STRICT_OBJC_MSGSEND = YES;
				ENABLE_TESTABILITY = YES;
				GCC_C_LANGUAGE_STANDARD = gnu11;
				GCC_DYNAMIC_NO_PIC = NO;
				GCC_NO_COMMON_BLOCKS = YES;
				GCC_OPTIMIZATION_LEVEL = 0;
				GCC_PREPROCESSOR_DEFINITIONS = (
					"DEBUG=1",
					"$(inherited)",
				);
				GCC_WARN_64_TO_32_BIT_CONVERSION = YES;
				GCC_WARN_ABOUT_RETURN_TYPE = YES_ERROR;
				GCC_WARN_UNDECLARED_SELECTOR = YES;
				GCC_WARN_UNINITIALIZED_AUTOS = YES_AGGRESSIVE;
				GCC_WARN_UNUSED_FUNCTION = YES;
				GCC_WARN_UNUSED_VARIABLE = YES;
				IPHONEOS_DEPLOYMENT_TARGET = 13.6;
				MTL_ENABLE_DEBUG_INFO = INCLUDE_SOURCE;
				MTL_FAST_MATH = YES;
				ONLY_ACTIVE_ARCH = YES;
				SDKROOT = iphoneos;
				SWIFT_ACTIVE_COMPILATION_CONDITIONS = DEBUG;
				SWIFT_OPTIMIZATION_LEVEL = "-Onone";
			};
			name = Debug;
		};
		B2874F762564A3B400512DBA /* Release */ = {
			isa = XCBuildConfiguration;
			buildSettings = {
				ALWAYS_SEARCH_USER_PATHS = NO;
				CLANG_ANALYZER_NONNULL = YES;
				CLANG_ANALYZER_NUMBER_OBJECT_CONVERSION = YES_AGGRESSIVE;
				CLANG_CXX_LANGUAGE_STANDARD = "gnu++14";
				CLANG_CXX_LIBRARY = "libc++";
				CLANG_ENABLE_MODULES = YES;
				CLANG_ENABLE_OBJC_ARC = YES;
				CLANG_ENABLE_OBJC_WEAK = YES;
				CLANG_WARN_BLOCK_CAPTURE_AUTORELEASING = YES;
				CLANG_WARN_BOOL_CONVERSION = YES;
				CLANG_WARN_COMMA = YES;
				CLANG_WARN_CONSTANT_CONVERSION = YES;
				CLANG_WARN_DEPRECATED_OBJC_IMPLEMENTATIONS = YES;
				CLANG_WARN_DIRECT_OBJC_ISA_USAGE = YES_ERROR;
				CLANG_WARN_DOCUMENTATION_COMMENTS = YES;
				CLANG_WARN_EMPTY_BODY = YES;
				CLANG_WARN_ENUM_CONVERSION = YES;
				CLANG_WARN_INFINITE_RECURSION = YES;
				CLANG_WARN_INT_CONVERSION = YES;
				CLANG_WARN_NON_LITERAL_NULL_CONVERSION = YES;
				CLANG_WARN_OBJC_IMPLICIT_RETAIN_SELF = YES;
				CLANG_WARN_OBJC_LITERAL_CONVERSION = YES;
				CLANG_WARN_OBJC_ROOT_CLASS = YES_ERROR;
				CLANG_WARN_RANGE_LOOP_ANALYSIS = YES;
				CLANG_WARN_STRICT_PROTOTYPES = YES;
				CLANG_WARN_SUSPICIOUS_MOVE = YES;
				CLANG_WARN_UNGUARDED_AVAILABILITY = YES_AGGRESSIVE;
				CLANG_WARN_UNREACHABLE_CODE = YES;
				CLANG_WARN__DUPLICATE_METHOD_MATCH = YES;
				COPY_PHASE_STRIP = NO;
				DEBUG_INFORMATION_FORMAT = "dwarf-with-dsym";
				ENABLE_NS_ASSERTIONS = NO;
				ENABLE_STRICT_OBJC_MSGSEND = YES;
				GCC_C_LANGUAGE_STANDARD = gnu11;
				GCC_NO_COMMON_BLOCKS = YES;
				GCC_WARN_64_TO_32_BIT_CONVERSION = YES;
				GCC_WARN_ABOUT_RETURN_TYPE = YES_ERROR;
				GCC_WARN_UNDECLARED_SELECTOR = YES;
				GCC_WARN_UNINITIALIZED_AUTOS = YES_AGGRESSIVE;
				GCC_WARN_UNUSED_FUNCTION = YES;
				GCC_WARN_UNUSED_VARIABLE = YES;
				IPHONEOS_DEPLOYMENT_TARGET = 13.6;
				MTL_ENABLE_DEBUG_INFO = NO;
				MTL_FAST_MATH = YES;
				SDKROOT = iphoneos;
				SWIFT_COMPILATION_MODE = wholemodule;
				SWIFT_OPTIMIZATION_LEVEL = "-O";
				VALIDATE_PRODUCT = YES;
			};
			name = Release;
		};
		B2874F782564A3B400512DBA /* Debug */ = {
			isa = XCBuildConfiguration;
			buildSettings = {
				ASSETCATALOG_COMPILER_APPICON_NAME = AppIcon;
				CODE_SIGN_STYLE = Automatic;
				DEVELOPMENT_TEAM = A9LJR8LPA6;
				INFOPLIST_FILE = Buggy/Info.plist;
				LD_RUNPATH_SEARCH_PATHS = (
					"$(inherited)",
					"@executable_path/Frameworks",
				);
				PRODUCT_BUNDLE_IDENTIFIER = com.twit.Test.Buggy;
				PRODUCT_NAME = "$(TARGET_NAME)";
				SWIFT_VERSION = 5.0;
				TARGETED_DEVICE_FAMILY = "1,2";
			};
			name = Debug;
		};
		B2874F792564A3B400512DBA /* Release */ = {
			isa = XCBuildConfiguration;
			buildSettings = {
				ASSETCATALOG_COMPILER_APPICON_NAME = AppIcon;
				CODE_SIGN_STYLE = Automatic;
				DEVELOPMENT_TEAM = A9LJR8LPA6;
				INFOPLIST_FILE = Buggy/Info.plist;
				LD_RUNPATH_SEARCH_PATHS = (
					"$(inherited)",
					"@executable_path/Frameworks",
				);
				PRODUCT_BUNDLE_IDENTIFIER = com.twit.Test.Buggy;
				PRODUCT_NAME = "$(TARGET_NAME)";
				SWIFT_VERSION = 5.0;
				TARGETED_DEVICE_FAMILY = "1,2";
			};
			name = Release;
		};
		B2874F7B2564A3B400512DBA /* Debug */ = {
			isa = XCBuildConfiguration;
			buildSettings = {
				ALWAYS_EMBED_SWIFT_STANDARD_LIBRARIES = YES;
				BUNDLE_LOADER = "$(TEST_HOST)";
				CODE_SIGN_STYLE = Automatic;
				DEVELOPMENT_TEAM = A9LJR8LPA6;
				INFOPLIST_FILE = BuggyTests/Info.plist;
				IPHONEOS_DEPLOYMENT_TARGET = 13.6;
				LD_RUNPATH_SEARCH_PATHS = (
					"$(inherited)",
					"@executable_path/Frameworks",
					"@loader_path/Frameworks",
				);
				PRODUCT_BUNDLE_IDENTIFIER = com.twit.Test.BuggyTests;
				PRODUCT_NAME = "$(TARGET_NAME)";
				SWIFT_VERSION = 5.0;
				TARGETED_DEVICE_FAMILY = "1,2";
				TEST_HOST = "$(BUILT_PRODUCTS_DIR)/Buggy.app/Buggy";
			};
			name = Debug;
		};
		B2874F7C2564A3B400512DBA /* Release */ = {
			isa = XCBuildConfiguration;
			buildSettings = {
				ALWAYS_EMBED_SWIFT_STANDARD_LIBRARIES = YES;
				BUNDLE_LOADER = "$(TEST_HOST)";
				CODE_SIGN_STYLE = Automatic;
				DEVELOPMENT_TEAM = A9LJR8LPA6;
				INFOPLIST_FILE = BuggyTests/Info.plist;
				IPHONEOS_DEPLOYMENT_TARGET = 13.6;
				LD_RUNPATH_SEARCH_PATHS = (
					"$(inherited)",
					"@executable_path/Frameworks",
					"@loader_path/Frameworks",
				);
				PRODUCT_BUNDLE_IDENTIFIER = com.twit.Test.BuggyTests;
				PRODUCT_NAME = "$(TARGET_NAME)";
				SWIFT_VERSION = 5.0;
				TARGETED_DEVICE_FAMILY = "1,2";
				TEST_HOST = "$(BUILT_PRODUCTS_DIR)/Buggy.app/Buggy";
			};
			name = Release;
		};
		B2874F7E2564A3B400512DBA /* Debug */ = {
			isa = XCBuildConfiguration;
			buildSettings = {
				ALWAYS_EMBED_SWIFT_STANDARD_LIBRARIES = YES;
				CODE_SIGN_STYLE = Automatic;
				DEVELOPMENT_TEAM = A9LJR8LPA6;
				INFOPLIST_FILE = BuggyUITests/Info.plist;
				LD_RUNPATH_SEARCH_PATHS = (
					"$(inherited)",
					"@executable_path/Frameworks",
					"@loader_path/Frameworks",
				);
				PRODUCT_BUNDLE_IDENTIFIER = com.twit.Test.BuggyUITests;
				PRODUCT_NAME = "$(TARGET_NAME)";
				SWIFT_VERSION = 5.0;
				TARGETED_DEVICE_FAMILY = "1,2";
				TEST_TARGET_NAME = Buggy;
			};
			name = Debug;
		};
		B2874F7F2564A3B400512DBA /* Release */ = {
			isa = XCBuildConfiguration;
			buildSettings = {
				ALWAYS_EMBED_SWIFT_STANDARD_LIBRARIES = YES;
				CODE_SIGN_STYLE = Automatic;
				DEVELOPMENT_TEAM = A9LJR8LPA6;
				INFOPLIST_FILE = BuggyUITests/Info.plist;
				LD_RUNPATH_SEARCH_PATHS = (
					"$(inherited)",
					"@executable_path/Frameworks",
					"@loader_path/Frameworks",
				);
				PRODUCT_BUNDLE_IDENTIFIER = com.twit.Test.BuggyUITests;
				PRODUCT_NAME = "$(TARGET_NAME)";
				SWIFT_VERSION = 5.0;
				TARGETED_DEVICE_FAMILY = "1,2";
				TEST_TARGET_NAME = Buggy;
			};
			name = Release;
		};
/* End XCBuildConfiguration section */

/* Begin XCConfigurationList section */
		B2874F482564A3B300512DBA /* Build configuration list for PBXProject "Buggy" */ = {
			isa = XCConfigurationList;
			buildConfigurations = (
				B2874F752564A3B400512DBA /* Debug */,
				B2874F762564A3B400512DBA /* Release */,
			);
			defaultConfigurationIsVisible = 0;
			defaultConfigurationName = Release;
		};
		B2874F772564A3B400512DBA /* Build configuration list for PBXNativeTarget "Buggy" */ = {
			isa = XCConfigurationList;
			buildConfigurations = (
				B2874F782564A3B400512DBA /* Debug */,
				B2874F792564A3B400512DBA /* Release */,
			);
			defaultConfigurationIsVisible = 0;
			defaultConfigurationName = Release;
		};
		B2874F7A2564A3B400512DBA /* Build configuration list for PBXNativeTarget "BuggyTests" */ = {
			isa = XCConfigurationList;
			buildConfigurations = (
				B2874F7B2564A3B400512DBA /* Debug */,
				B2874F7C2564A3B400512DBA /* Release */,
			);
			defaultConfigurationIsVisible = 0;
			defaultConfigurationName = Release;
		};
		B2874F7D2564A3B400512DBA /* Build configuration list for PBXNativeTarget "BuggyUITests" */ = {
			isa = XCConfigurationList;
			buildConfigurations = (
				B2874F7E2564A3B400512DBA /* Debug */,
				B2874F7F2564A3B400512DBA /* Release */,
			);
			defaultConfigurationIsVisible = 0;
			defaultConfigurationName = Release;
		};
/* End XCConfigurationList section */
	};
	rootObject = B2874F452564A3B300512DBA /* Project object */;
}
