// !$*UTF8*$!
{
	archiveVersion = 1;
	classes = {
	};
	objectVersion = 50;
	objects = {

/* Begin PBXBuildFile section */
		B2285ACF258993A400CFD35B /* ItemCell.swift in Sources */ = {isa = PBXBuildFile; fileRef = B2285ACE258993A400CFD35B /* ItemCell.swift */; };
		B2874F8D2569F06000512DBA /* AppDelegate.swift in Sources */ = {isa = PBXBuildFile; fileRef = B2874F8C2569F06000512DBA /* AppDelegate.swift */; };
		B2874F8F2569F06000512DBA /* SceneDelegate.swift in Sources */ = {isa = PBXBuildFile; fileRef = B2874F8E2569F06000512DBA /* SceneDelegate.swift */; };
		B2874F942569F06000512DBA /* Main.storyboard in Resources */ = {isa = PBXBuildFile; fileRef = B2874F922569F06000512DBA /* Main.storyboard */; };
		B2874F962569F06200512DBA /* Assets.xcassets in Resources */ = {isa = PBXBuildFile; fileRef = B2874F952569F06200512DBA /* Assets.xcassets */; };
		B2874F992569F06200512DBA /* LaunchScreen.storyboard in Resources */ = {isa = PBXBuildFile; fileRef = B2874F972569F06200512DBA /* LaunchScreen.storyboard */; };
		B2874FA42569F06200512DBA /* LootLoggerTests.swift in Sources */ = {isa = PBXBuildFile; fileRef = B2874FA32569F06200512DBA /* LootLoggerTests.swift */; };
		B2874FAF2569F06200512DBA /* LootLoggerUITests.swift in Sources */ = {isa = PBXBuildFile; fileRef = B2874FAE2569F06200512DBA /* LootLoggerUITests.swift */; };
		B2874FBD256A242F00512DBA /* ItemsViewController.swift in Sources */ = {isa = PBXBuildFile; fileRef = B2874FBC256A242F00512DBA /* ItemsViewController.swift */; };
		B2874FBF256A276C00512DBA /* Item.swift in Sources */ = {isa = PBXBuildFile; fileRef = B2874FBE256A276C00512DBA /* Item.swift */; };
		B2874FC1256AFFB200512DBA /* ItemStore.swift in Sources */ = {isa = PBXBuildFile; fileRef = B2874FC0256AFFB200512DBA /* ItemStore.swift */; };
/* End PBXBuildFile section */

/* Begin PBXContainerItemProxy section */
		B2874FA02569F06200512DBA /* PBXContainerItemProxy */ = {
			isa = PBXContainerItemProxy;
			containerPortal = B2874F812569F06000512DBA /* Project object */;
			proxyType = 1;
			remoteGlobalIDString = B2874F882569F06000512DBA;
			remoteInfo = LootLogger;
		};
		B2874FAB2569F06200512DBA /* PBXContainerItemProxy */ = {
			isa = PBXContainerItemProxy;
			containerPortal = B2874F812569F06000512DBA /* Project object */;
			proxyType = 1;
			remoteGlobalIDString = B2874F882569F06000512DBA;
			remoteInfo = LootLogger;
		};
/* End PBXContainerItemProxy section */

/* Begin PBXFileReference section */
		B2285ACE258993A400CFD35B /* ItemCell.swift */ = {isa = PBXFileReference; lastKnownFileType = sourcecode.swift; path = ItemCell.swift; sourceTree = "<group>"; };
		B2874F892569F06000512DBA /* LootLogger.app */ = {isa = PBXFileReference; explicitFileType = wrapper.application; includeInIndex = 0; path = LootLogger.app; sourceTree = BUILT_PRODUCTS_DIR; };
		B2874F8C2569F06000512DBA /* AppDelegate.swift */ = {isa = PBXFileReference; lastKnownFileType = sourcecode.swift; path = AppDelegate.swift; sourceTree = "<group>"; };
		B2874F8E2569F06000512DBA /* SceneDelegate.swift */ = {isa = PBXFileReference; lastKnownFileType = sourcecode.swift; path = SceneDelegate.swift; sourceTree = "<group>"; };
		B2874F932569F06000512DBA /* Base */ = {isa = PBXFileReference; lastKnownFileType = file.storyboard; name = Base; path = Base.lproj/Main.storyboard; sourceTree = "<group>"; };
		B2874F952569F06200512DBA /* Assets.xcassets */ = {isa = PBXFileReference; lastKnownFileType = folder.assetcatalog; path = Assets.xcassets; sourceTree = "<group>"; };
		B2874F982569F06200512DBA /* Base */ = {isa = PBXFileReference; lastKnownFileType = file.storyboard; name = Base; path = Base.lproj/LaunchScreen.storyboard; sourceTree = "<group>"; };
		B2874F9A2569F06200512DBA /* Info.plist */ = {isa = PBXFileReference; lastKnownFileType = text.plist.xml; path = Info.plist; sourceTree = "<group>"; };
		B2874F9F2569F06200512DBA /* LootLoggerTests.xctest */ = {isa = PBXFileReference; explicitFileType = wrapper.cfbundle; includeInIndex = 0; path = LootLoggerTests.xctest; sourceTree = BUILT_PRODUCTS_DIR; };
		B2874FA32569F06200512DBA /* LootLoggerTests.swift */ = {isa = PBXFileReference; lastKnownFileType = sourcecode.swift; path = LootLoggerTests.swift; sourceTree = "<group>"; };
		B2874FA52569F06200512DBA /* Info.plist */ = {isa = PBXFileReference; lastKnownFileType = text.plist.xml; path = Info.plist; sourceTree = "<group>"; };
		B2874FAA2569F06200512DBA /* LootLoggerUITests.xctest */ = {isa = PBXFileReference; explicitFileType = wrapper.cfbundle; includeInIndex = 0; path = LootLoggerUITests.xctest; sourceTree = BUILT_PRODUCTS_DIR; };
		B2874FAE2569F06200512DBA /* LootLoggerUITests.swift */ = {isa = PBXFileReference; lastKnownFileType = sourcecode.swift; path = LootLoggerUITests.swift; sourceTree = "<group>"; };
		B2874FB02569F06200512DBA /* Info.plist */ = {isa = PBXFileReference; lastKnownFileType = text.plist.xml; path = Info.plist; sourceTree = "<group>"; };
		B2874FBC256A242F00512DBA /* ItemsViewController.swift */ = {isa = PBXFileReference; lastKnownFileType = sourcecode.swift; path = ItemsViewController.swift; sourceTree = "<group>"; };
		B2874FBE256A276C00512DBA /* Item.swift */ = {isa = PBXFileReference; lastKnownFileType = sourcecode.swift; path = Item.swift; sourceTree = "<group>"; };
		B2874FC0256AFFB200512DBA /* ItemStore.swift */ = {isa = PBXFileReference; lastKnownFileType = sourcecode.swift; path = ItemStore.swift; sourceTree = "<group>"; };
/* End PBXFileReference section */

/* Begin PBXFrameworksBuildPhase section */
		B2874F862569F06000512DBA /* Frameworks */ = {
			isa = PBXFrameworksBuildPhase;
			buildActionMask = 2147483647;
			files = (
			);
			runOnlyForDeploymentPostprocessing = 0;
		};
		B2874F9C2569F06200512DBA /* Frameworks */ = {
			isa = PBXFrameworksBuildPhase;
			buildActionMask = 2147483647;
			files = (
			);
			runOnlyForDeploymentPostprocessing = 0;
		};
		B2874FA72569F06200512DBA /* Frameworks */ = {
			isa = PBXFrameworksBuildPhase;
			buildActionMask = 2147483647;
			files = (
			);
			runOnlyForDeploymentPostprocessing = 0;
		};
/* End PBXFrameworksBuildPhase section */

/* Begin PBXGroup section */
		B2874F802569F06000512DBA = {
			isa = PBXGroup;
			children = (
				B2874F8B2569F06000512DBA /* LootLogger */,
				B2874FA22569F06200512DBA /* LootLoggerTests */,
				B2874FAD2569F06200512DBA /* LootLoggerUITests */,
				B2874F8A2569F06000512DBA /* Products */,
			);
			sourceTree = "<group>";
		};
		B2874F8A2569F06000512DBA /* Products */ = {
			isa = PBXGroup;
			children = (
				B2874F892569F06000512DBA /* LootLogger.app */,
				B2874F9F2569F06200512DBA /* LootLoggerTests.xctest */,
				B2874FAA2569F06200512DBA /* LootLoggerUITests.xctest */,
			);
			name = Products;
			sourceTree = "<group>";
		};
		B2874F8B2569F06000512DBA /* LootLogger */ = {
			isa = PBXGroup;
			children = (
				B2874F8C2569F06000512DBA /* AppDelegate.swift */,
				B2874F8E2569F06000512DBA /* SceneDelegate.swift */,
				B2874FBC256A242F00512DBA /* ItemsViewController.swift */,
				B2874FBE256A276C00512DBA /* Item.swift */,
				B2874FC0256AFFB200512DBA /* ItemStore.swift */,
				B2874F922569F06000512DBA /* Main.storyboard */,
				B2285ACE258993A400CFD35B /* ItemCell.swift */,
				B2874F952569F06200512DBA /* Assets.xcassets */,
				B2874F972569F06200512DBA /* LaunchScreen.storyboard */,
				B2874F9A2569F06200512DBA /* Info.plist */,
			);
			path = LootLogger;
			sourceTree = "<group>";
		};
		B2874FA22569F06200512DBA /* LootLoggerTests */ = {
			isa = PBXGroup;
			children = (
				B2874FA32569F06200512DBA /* LootLoggerTests.swift */,
				B2874FA52569F06200512DBA /* Info.plist */,
			);
			path = LootLoggerTests;
			sourceTree = "<group>";
		};
		B2874FAD2569F06200512DBA /* LootLoggerUITests */ = {
			isa = PBXGroup;
			children = (
				B2874FAE2569F06200512DBA /* LootLoggerUITests.swift */,
				B2874FB02569F06200512DBA /* Info.plist */,
			);
			path = LootLoggerUITests;
			sourceTree = "<group>";
		};
/* End PBXGroup section */

/* Begin PBXNativeTarget section */
		B2874F882569F06000512DBA /* LootLogger */ = {
			isa = PBXNativeTarget;
			buildConfigurationList = B2874FB32569F06200512DBA /* Build configuration list for PBXNativeTarget "LootLogger" */;
			buildPhases = (
				B2874F852569F06000512DBA /* Sources */,
				B2874F862569F06000512DBA /* Frameworks */,
				B2874F872569F06000512DBA /* Resources */,
			);
			buildRules = (
			);
			dependencies = (
			);
			name = LootLogger;
			productName = LootLogger;
			productReference = B2874F892569F06000512DBA /* LootLogger.app */;
			productType = "com.apple.product-type.application";
		};
		B2874F9E2569F06200512DBA /* LootLoggerTests */ = {
			isa = PBXNativeTarget;
			buildConfigurationList = B2874FB62569F06200512DBA /* Build configuration list for PBXNativeTarget "LootLoggerTests" */;
			buildPhases = (
				B2874F9B2569F06200512DBA /* Sources */,
				B2874F9C2569F06200512DBA /* Frameworks */,
				B2874F9D2569F06200512DBA /* Resources */,
			);
			buildRules = (
			);
			dependencies = (
				B2874FA12569F06200512DBA /* PBXTargetDependency */,
			);
			name = LootLoggerTests;
			productName = LootLoggerTests;
			productReference = B2874F9F2569F06200512DBA /* LootLoggerTests.xctest */;
			productType = "com.apple.product-type.bundle.unit-test";
		};
		B2874FA92569F06200512DBA /* LootLoggerUITests */ = {
			isa = PBXNativeTarget;
			buildConfigurationList = B2874FB92569F06200512DBA /* Build configuration list for PBXNativeTarget "LootLoggerUITests" */;
			buildPhases = (
				B2874FA62569F06200512DBA /* Sources */,
				B2874FA72569F06200512DBA /* Frameworks */,
				B2874FA82569F06200512DBA /* Resources */,
			);
			buildRules = (
			);
			dependencies = (
				B2874FAC2569F06200512DBA /* PBXTargetDependency */,
			);
			name = LootLoggerUITests;
			productName = LootLoggerUITests;
			productReference = B2874FAA2569F06200512DBA /* LootLoggerUITests.xctest */;
			productType = "com.apple.product-type.bundle.ui-testing";
		};
/* End PBXNativeTarget section */

/* Begin PBXProject section */
		B2874F812569F06000512DBA /* Project object */ = {
			isa = PBXProject;
			attributes = {
				LastSwiftUpdateCheck = 1160;
				LastUpgradeCheck = 1160;
				ORGANIZATIONNAME = "Sravya Kaki";
				TargetAttributes = {
					B2874F882569F06000512DBA = {
						CreatedOnToolsVersion = 11.6;
					};
					B2874F9E2569F06200512DBA = {
						CreatedOnToolsVersion = 11.6;
						TestTargetID = B2874F882569F06000512DBA;
					};
					B2874FA92569F06200512DBA = {
						CreatedOnToolsVersion = 11.6;
						TestTargetID = B2874F882569F06000512DBA;
					};
				};
			};
			buildConfigurationList = B2874F842569F06000512DBA /* Build configuration list for PBXProject "LootLogger" */;
			compatibilityVersion = "Xcode 9.3";
			developmentRegion = en;
			hasScannedForEncodings = 0;
			knownRegions = (
				en,
				Base,
			);
			mainGroup = B2874F802569F06000512DBA;
			productRefGroup = B2874F8A2569F06000512DBA /* Products */;
			projectDirPath = "";
			projectRoot = "";
			targets = (
				B2874F882569F06000512DBA /* LootLogger */,
				B2874F9E2569F06200512DBA /* LootLoggerTests */,
				B2874FA92569F06200512DBA /* LootLoggerUITests */,
			);
		};
/* End PBXProject section */

/* Begin PBXResourcesBuildPhase section */
		B2874F872569F06000512DBA /* Resources */ = {
			isa = PBXResourcesBuildPhase;
			buildActionMask = 2147483647;
			files = (
				B2874F992569F06200512DBA /* LaunchScreen.storyboard in Resources */,
				B2874F962569F06200512DBA /* Assets.xcassets in Resources */,
				B2874F942569F06000512DBA /* Main.storyboard in Resources */,
			);
			runOnlyForDeploymentPostprocessing = 0;
		};
		B2874F9D2569F06200512DBA /* Resources */ = {
			isa = PBXResourcesBuildPhase;
			buildActionMask = 2147483647;
			files = (
			);
			runOnlyForDeploymentPostprocessing = 0;
		};
		B2874FA82569F06200512DBA /* Resources */ = {
			isa = PBXResourcesBuildPhase;
			buildActionMask = 2147483647;
			files = (
			);
			runOnlyForDeploymentPostprocessing = 0;
		};
/* End PBXResourcesBuildPhase section */

/* Begin PBXSourcesBuildPhase section */
		B2874F852569F06000512DBA /* Sources */ = {
			isa = PBXSourcesBuildPhase;
			buildActionMask = 2147483647;
			files = (
				B2874FBF256A276C00512DBA /* Item.swift in Sources */,
				B2874FBD256A242F00512DBA /* ItemsViewController.swift in Sources */,
				B2285ACF258993A400CFD35B /* ItemCell.swift in Sources */,
				B2874F8D2569F06000512DBA /* AppDelegate.swift in Sources */,
				B2874FC1256AFFB200512DBA /* ItemStore.swift in Sources */,
				B2874F8F2569F06000512DBA /* SceneDelegate.swift in Sources */,
			);
			runOnlyForDeploymentPostprocessing = 0;
		};
		B2874F9B2569F06200512DBA /* Sources */ = {
			isa = PBXSourcesBuildPhase;
			buildActionMask = 2147483647;
			files = (
				B2874FA42569F06200512DBA /* LootLoggerTests.swift in Sources */,
			);
			runOnlyForDeploymentPostprocessing = 0;
		};
		B2874FA62569F06200512DBA /* Sources */ = {
			isa = PBXSourcesBuildPhase;
			buildActionMask = 2147483647;
			files = (
				B2874FAF2569F06200512DBA /* LootLoggerUITests.swift in Sources */,
			);
			runOnlyForDeploymentPostprocessing = 0;
		};
/* End PBXSourcesBuildPhase section */

/* Begin PBXTargetDependency section */
		B2874FA12569F06200512DBA /* PBXTargetDependency */ = {
			isa = PBXTargetDependency;
			target = B2874F882569F06000512DBA /* LootLogger */;
			targetProxy = B2874FA02569F06200512DBA /* PBXContainerItemProxy */;
		};
		B2874FAC2569F06200512DBA /* PBXTargetDependency */ = {
			isa = PBXTargetDependency;
			target = B2874F882569F06000512DBA /* LootLogger */;
			targetProxy = B2874FAB2569F06200512DBA /* PBXContainerItemProxy */;
		};
/* End PBXTargetDependency section */

/* Begin PBXVariantGroup section */
		B2874F922569F06000512DBA /* Main.storyboard */ = {
			isa = PBXVariantGroup;
			children = (
				B2874F932569F06000512DBA /* Base */,
			);
			name = Main.storyboard;
			sourceTree = "<group>";
		};
		B2874F972569F06200512DBA /* LaunchScreen.storyboard */ = {
			isa = PBXVariantGroup;
			children = (
				B2874F982569F06200512DBA /* Base */,
			);
			name = LaunchScreen.storyboard;
			sourceTree = "<group>";
		};
/* End PBXVariantGroup section */

/* Begin XCBuildConfiguration section */
		B2874FB12569F06200512DBA /* Debug */ = {
			isa = XCBuildConfiguration;
			buildSettings = {
				ALWAYS_SEARCH_USER_PATHS = NO;
				CLANG_ANALYZER_NONNULL = YES;
				CLANG_ANALYZER_NUMBER_OBJECT_CONVERSION = YES_AGGRESSIVE;
				CLANG_CXX_LANGUAGE_STANDARD = "gnu++14";
				CLANG_CXX_LIBRARY = "libc++";
				CLANG_ENABLE_MODULES = YES;
				CLANG_ENABLE_OBJC_ARC = YES;
				CLANG_ENABLE_OBJC_WEAK = YES;
				CLANG_WARN_BLOCK_CAPTURE_AUTORELEASING = YES;
				CLANG_WARN_BOOL_CONVERSION = YES;
				CLANG_WARN_COMMA = YES;
				CLANG_WARN_CONSTANT_CONVERSION = YES;
				CLANG_WARN_DEPRECATED_OBJC_IMPLEMENTATIONS = YES;
				CLANG_WARN_DIRECT_OBJC_ISA_USAGE = YES_ERROR;
				CLANG_WARN_DOCUMENTATION_COMMENTS = YES;
				CLANG_WARN_EMPTY_BODY = YES;
				CLANG_WARN_ENUM_CONVERSION = YES;
				CLANG_WARN_INFINITE_RECURSION = YES;
				CLANG_WARN_INT_CONVERSION = YES;
				CLANG_WARN_NON_LITERAL_NULL_CONVERSION = YES;
				CLANG_WARN_OBJC_IMPLICIT_RETAIN_SELF = YES;
				CLANG_WARN_OBJC_LITERAL_CONVERSION = YES;
				CLANG_WARN_OBJC_ROOT_CLASS = YES_ERROR;
				CLANG_WARN_RANGE_LOOP_ANALYSIS = YES;
				CLANG_WARN_STRICT_PROTOTYPES = YES;
				CLANG_WARN_SUSPICIOUS_MOVE = YES;
				CLANG_WARN_UNGUARDED_AVAILABILITY = YES_AGGRESSIVE;
				CLANG_WARN_UNREACHABLE_CODE = YES;
				CLANG_WARN__DUPLICATE_METHOD_MATCH = YES;
				COPY_PHASE_STRIP = NO;
				DEBUG_INFORMATION_FORMAT = dwarf;
				ENABLE_STRICT_OBJC_MSGSEND = YES;
				ENABLE_TESTABILITY = YES;
				GCC_C_LANGUAGE_STANDARD = gnu11;
				GCC_DYNAMIC_NO_PIC = NO;
				GCC_NO_COMMON_BLOCKS = YES;
				GCC_OPTIMIZATION_LEVEL = 0;
				GCC_PREPROCESSOR_DEFINITIONS = (
					"DEBUG=1",
					"$(inherited)",
				);
				GCC_WARN_64_TO_32_BIT_CONVERSION = YES;
				GCC_WARN_ABOUT_RETURN_TYPE = YES_ERROR;
				GCC_WARN_UNDECLARED_SELECTOR = YES;
				GCC_WARN_UNINITIALIZED_AUTOS = YES_AGGRESSIVE;
				GCC_WARN_UNUSED_FUNCTION = YES;
				GCC_WARN_UNUSED_VARIABLE = YES;
				IPHONEOS_DEPLOYMENT_TARGET = 13.6;
				MTL_ENABLE_DEBUG_INFO = INCLUDE_SOURCE;
				MTL_FAST_MATH = YES;
				ONLY_ACTIVE_ARCH = YES;
				SDKROOT = iphoneos;
				SWIFT_ACTIVE_COMPILATION_CONDITIONS = DEBUG;
				SWIFT_OPTIMIZATION_LEVEL = "-Onone";
			};
			name = Debug;
		};
		B2874FB22569F06200512DBA /* Release */ = {
			isa = XCBuildConfiguration;
			buildSettings = {
				ALWAYS_SEARCH_USER_PATHS = NO;
				CLANG_ANALYZER_NONNULL = YES;
				CLANG_ANALYZER_NUMBER_OBJECT_CONVERSION = YES_AGGRESSIVE;
				CLANG_CXX_LANGUAGE_STANDARD = "gnu++14";
				CLANG_CXX_LIBRARY = "libc++";
				CLANG_ENABLE_MODULES = YES;
				CLANG_ENABLE_OBJC_ARC = YES;
				CLANG_ENABLE_OBJC_WEAK = YES;
				CLANG_WARN_BLOCK_CAPTURE_AUTORELEASING = YES;
				CLANG_WARN_BOOL_CONVERSION = YES;
				CLANG_WARN_COMMA = YES;
				CLANG_WARN_CONSTANT_CONVERSION = YES;
				CLANG_WARN_DEPRECATED_OBJC_IMPLEMENTATIONS = YES;
				CLANG_WARN_DIRECT_OBJC_ISA_USAGE = YES_ERROR;
				CLANG_WARN_DOCUMENTATION_COMMENTS = YES;
				CLANG_WARN_EMPTY_BODY = YES;
				CLANG_WARN_ENUM_CONVERSION = YES;
				CLANG_WARN_INFINITE_RECURSION = YES;
				CLANG_WARN_INT_CONVERSION = YES;
				CLANG_WARN_NON_LITERAL_NULL_CONVERSION = YES;
				CLANG_WARN_OBJC_IMPLICIT_RETAIN_SELF = YES;
				CLANG_WARN_OBJC_LITERAL_CONVERSION = YES;
				CLANG_WARN_OBJC_ROOT_CLASS = YES_ERROR;
				CLANG_WARN_RANGE_LOOP_ANALYSIS = YES;
				CLANG_WARN_STRICT_PROTOTYPES = YES;
				CLANG_WARN_SUSPICIOUS_MOVE = YES;
				CLANG_WARN_UNGUARDED_AVAILABILITY = YES_AGGRESSIVE;
				CLANG_WARN_UNREACHABLE_CODE = YES;
				CLANG_WARN__DUPLICATE_METHOD_MATCH = YES;
				COPY_PHASE_STRIP = NO;
				DEBUG_INFORMATION_FORMAT = "dwarf-with-dsym";
				ENABLE_NS_ASSERTIONS = NO;
				ENABLE_STRICT_OBJC_MSGSEND = YES;
				GCC_C_LANGUAGE_STANDARD = gnu11;
				GCC_NO_COMMON_BLOCKS = YES;
				GCC_WARN_64_TO_32_BIT_CONVERSION = YES;
				GCC_WARN_ABOUT_RETURN_TYPE = YES_ERROR;
				GCC_WARN_UNDECLARED_SELECTOR = YES;
				GCC_WARN_UNINITIALIZED_AUTOS = YES_AGGRESSIVE;
				GCC_WARN_UNUSED_FUNCTION = YES;
				GCC_WARN_UNUSED_VARIABLE = YES;
				IPHONEOS_DEPLOYMENT_TARGET = 13.6;
				MTL_ENABLE_DEBUG_INFO = NO;
				MTL_FAST_MATH = YES;
				SDKROOT = iphoneos;
				SWIFT_COMPILATION_MODE = wholemodule;
				SWIFT_OPTIMIZATION_LEVEL = "-O";
				VALIDATE_PRODUCT = YES;
			};
			name = Release;
		};
		B2874FB42569F06200512DBA /* Debug */ = {
			isa = XCBuildConfiguration;
			buildSettings = {
				ASSETCATALOG_COMPILER_APPICON_NAME = AppIcon;
				CODE_SIGN_STYLE = Automatic;
				DEVELOPMENT_TEAM = A9LJR8LPA6;
				INFOPLIST_FILE = LootLogger/Info.plist;
				LD_RUNPATH_SEARCH_PATHS = (
					"$(inherited)",
					"@executable_path/Frameworks",
				);
				PRODUCT_BUNDLE_IDENTIFIER = com.twit.Test.LootLogger;
				PRODUCT_NAME = "$(TARGET_NAME)";
				SWIFT_VERSION = 5.0;
				TARGETED_DEVICE_FAMILY = "1,2";
			};
			name = Debug;
		};
		B2874FB52569F06200512DBA /* Release */ = {
			isa = XCBuildConfiguration;
			buildSettings = {
				ASSETCATALOG_COMPILER_APPICON_NAME = AppIcon;
				CODE_SIGN_STYLE = Automatic;
				DEVELOPMENT_TEAM = A9LJR8LPA6;
				INFOPLIST_FILE = LootLogger/Info.plist;
				LD_RUNPATH_SEARCH_PATHS = (
					"$(inherited)",
					"@executable_path/Frameworks",
				);
				PRODUCT_BUNDLE_IDENTIFIER = com.twit.Test.LootLogger;
				PRODUCT_NAME = "$(TARGET_NAME)";
				SWIFT_VERSION = 5.0;
				TARGETED_DEVICE_FAMILY = "1,2";
			};
			name = Release;
		};
		B2874FB72569F06200512DBA /* Debug */ = {
			isa = XCBuildConfiguration;
			buildSettings = {
				ALWAYS_EMBED_SWIFT_STANDARD_LIBRARIES = YES;
				BUNDLE_LOADER = "$(TEST_HOST)";
				CODE_SIGN_STYLE = Automatic;
				DEVELOPMENT_TEAM = A9LJR8LPA6;
				INFOPLIST_FILE = LootLoggerTests/Info.plist;
				IPHONEOS_DEPLOYMENT_TARGET = 13.6;
				LD_RUNPATH_SEARCH_PATHS = (
					"$(inherited)",
					"@executable_path/Frameworks",
					"@loader_path/Frameworks",
				);
				PRODUCT_BUNDLE_IDENTIFIER = com.twit.Test.LootLoggerTests;
				PRODUCT_NAME = "$(TARGET_NAME)";
				SWIFT_VERSION = 5.0;
				TARGETED_DEVICE_FAMILY = "1,2";
				TEST_HOST = "$(BUILT_PRODUCTS_DIR)/LootLogger.app/LootLogger";
			};
			name = Debug;
		};
		B2874FB82569F06200512DBA /* Release */ = {
			isa = XCBuildConfiguration;
			buildSettings = {
				ALWAYS_EMBED_SWIFT_STANDARD_LIBRARIES = YES;
				BUNDLE_LOADER = "$(TEST_HOST)";
				CODE_SIGN_STYLE = Automatic;
				DEVELOPMENT_TEAM = A9LJR8LPA6;
				INFOPLIST_FILE = LootLoggerTests/Info.plist;
				IPHONEOS_DEPLOYMENT_TARGET = 13.6;
				LD_RUNPATH_SEARCH_PATHS = (
					"$(inherited)",
					"@executable_path/Frameworks",
					"@loader_path/Frameworks",
				);
				PRODUCT_BUNDLE_IDENTIFIER = com.twit.Test.LootLoggerTests;
				PRODUCT_NAME = "$(TARGET_NAME)";
				SWIFT_VERSION = 5.0;
				TARGETED_DEVICE_FAMILY = "1,2";
				TEST_HOST = "$(BUILT_PRODUCTS_DIR)/LootLogger.app/LootLogger";
			};
			name = Release;
		};
		B2874FBA2569F06200512DBA /* Debug */ = {
			isa = XCBuildConfiguration;
			buildSettings = {
				ALWAYS_EMBED_SWIFT_STANDARD_LIBRARIES = YES;
				CODE_SIGN_STYLE = Automatic;
				DEVELOPMENT_TEAM = A9LJR8LPA6;
				INFOPLIST_FILE = LootLoggerUITests/Info.plist;
				LD_RUNPATH_SEARCH_PATHS = (
					"$(inherited)",
					"@executable_path/Frameworks",
					"@loader_path/Frameworks",
				);
				PRODUCT_BUNDLE_IDENTIFIER = com.twit.Test.LootLoggerUITests;
				PRODUCT_NAME = "$(TARGET_NAME)";
				SWIFT_VERSION = 5.0;
				TARGETED_DEVICE_FAMILY = "1,2";
				TEST_TARGET_NAME = LootLogger;
			};
			name = Debug;
		};
		B2874FBB2569F06200512DBA /* Release */ = {
			isa = XCBuildConfiguration;
			buildSettings = {
				ALWAYS_EMBED_SWIFT_STANDARD_LIBRARIES = YES;
				CODE_SIGN_STYLE = Automatic;
				DEVELOPMENT_TEAM = A9LJR8LPA6;
				INFOPLIST_FILE = LootLoggerUITests/Info.plist;
				LD_RUNPATH_SEARCH_PATHS = (
					"$(inherited)",
					"@executable_path/Frameworks",
					"@loader_path/Frameworks",
				);
				PRODUCT_BUNDLE_IDENTIFIER = com.twit.Test.LootLoggerUITests;
				PRODUCT_NAME = "$(TARGET_NAME)";
				SWIFT_VERSION = 5.0;
				TARGETED_DEVICE_FAMILY = "1,2";
				TEST_TARGET_NAME = LootLogger;
			};
			name = Release;
		};
/* End XCBuildConfiguration section */

/* Begin XCConfigurationList section */
		B2874F842569F06000512DBA /* Build configuration list for PBXProject "LootLogger" */ = {
			isa = XCConfigurationList;
			buildConfigurations = (
				B2874FB12569F06200512DBA /* Debug */,
				B2874FB22569F06200512DBA /* Release */,
			);
			defaultConfigurationIsVisible = 0;
			defaultConfigurationName = Release;
		};
		B2874FB32569F06200512DBA /* Build configuration list for PBXNativeTarget "LootLogger" */ = {
			isa = XCConfigurationList;
			buildConfigurations = (
				B2874FB42569F06200512DBA /* Debug */,
				B2874FB52569F06200512DBA /* Release */,
			);
			defaultConfigurationIsVisible = 0;
			defaultConfigurationName = Release;
		};
		B2874FB62569F06200512DBA /* Build configuration list for PBXNativeTarget "LootLoggerTests" */ = {
			isa = XCConfigurationList;
			buildConfigurations = (
				B2874FB72569F06200512DBA /* Debug */,
				B2874FB82569F06200512DBA /* Release */,
			);
			defaultConfigurationIsVisible = 0;
			defaultConfigurationName = Release;
		};
		B2874FB92569F06200512DBA /* Build configuration list for PBXNativeTarget "LootLoggerUITests" */ = {
			isa = XCConfigurationList;
			buildConfigurations = (
				B2874FBA2569F06200512DBA /* Debug */,
				B2874FBB2569F06200512DBA /* Release */,
			);
			defaultConfigurationIsVisible = 0;
			defaultConfigurationName = Release;
		};
/* End XCConfigurationList section */
	};
	rootObject = B2874F812569F06000512DBA /* Project object */;
}
